
Microsoft Visual Studio Solution File, Format Version 12.00
# Visual Studio Version 17
VisualStudioVersion = 17.7.34031.279
MinimumVisualStudioVersion = 10.0.40219.1
Project("{9A19103F-16F7-4668-BE54-9A1E7A4F7556}") = "CalculatorMAUI", "CalculatorMAUI\CalculatorMAUI.csproj", "{FB05E370-734F-4E22-969A-658E41B7E123}"
EndProject
Global
	GlobalSection(SolutionConfigurationPlatforms) = preSolution
		Debug|Any CPU = Debug|Any CPU
		Release|Any CPU = Release|Any CPU
	EndGlobalSection
	GlobalSection(ProjectConfigurationPlatforms) = postSolution
		{FB05E370-734F-4E22-969A-658E41B7E123}.Debug|Any CPU.ActiveCfg = Debug|Any CPU
		{FB05E370-734F-4E22-969A-658E41B7E123}.Debug|Any CPU.Build.0 = Debug|Any CPU
		{FB05E370-734F-4E22-969A-658E41B7E123}.Debug|Any CPU.Deploy.0 = Debug|Any CPU
		{FB05E370-734F-4E22-969A-658E41B7E123}.Release|Any CPU.ActiveCfg = Release|Any CPU
		{FB05E370-734F-4E22-969A-658E41B7E123}.Release|Any CPU.Build.0 = Release|Any CPU
	EndGlobalSection
	GlobalSection(SolutionProperties) = preSolution
		HideSolutionNode = FALSE
	EndGlobalSection
	GlobalSection(ExtensibilityGlobals) = postSolution
		SolutionGuid = {7DFE358C-5878-4B6A-87AD-E75EF10F2881}
	EndGlobalSection
EndGlobal
